
Microsoft Visual Studio Solution File, Format Version 12.00
# Visual Studio Version 16
VisualStudioVersion = 16.0.32413.511
MinimumVisualStudioVersion = 10.0.40219.1
Project("{FAE04EC0-301F-11D3-BF4B-00C04F79EFBC}") = "api", "api\api.csproj", "{475DF85B-06EA-4B43-A1AF-4FA76C74DBC0}"
EndProject
Project("{2150E333-8FDC-42A3-9474-1A3956D46DE8}") = "WS", "WS", "{B9F3999F-C0E3-4657-9205-C245C7DF6C00}"
EndProject
Project("{2150E333-8FDC-42A3-9474-1A3956D46DE8}") = "DAL", "DAL", "{3403871B-3F1A-4C55-821B-4B5C1D4C3605}"
EndProject
Project("{FAE04EC0-301F-11D3-BF4B-00C04F79EFBC}") = "ORM", "ORM\ORM.csproj", "{F1019B69-ADEC-4F14-98A3-82685D50A2F7}"
EndProject
Project("{2150E333-8FDC-42A3-9474-1A3956D46DE8}") = "DTO", "DTO", "{3722B647-203B-4B6D-9783-6BB4DFAAF47A}"
EndProject
Project("{FAE04EC0-301F-11D3-BF4B-00C04F79EFBC}") = "Model", "Model\Model.csproj", "{7F3A9049-6DEB-48A7-A89E-A6147BEB9778}"
EndProject
Project("{2150E333-8FDC-42A3-9474-1A3956D46DE8}") = "MVC", "MVC", "{79099ECE-23D4-4481-AA79-5C6CF7C6A624}"
EndProject
Global
	GlobalSection(SolutionConfigurationPlatforms) = preSolution
		Debug|Any CPU = Debug|Any CPU
		Release|Any CPU = Release|Any CPU
	EndGlobalSection
	GlobalSection(ProjectConfigurationPlatforms) = postSolution
		{475DF85B-06EA-4B43-A1AF-4FA76C74DBC0}.Debug|Any CPU.ActiveCfg = Debug|Any CPU
		{475DF85B-06EA-4B43-A1AF-4FA76C74DBC0}.Debug|Any CPU.Build.0 = Debug|Any CPU
		{475DF85B-06EA-4B43-A1AF-4FA76C74DBC0}.Release|Any CPU.ActiveCfg = Release|Any CPU
		{475DF85B-06EA-4B43-A1AF-4FA76C74DBC0}.Release|Any CPU.Build.0 = Release|Any CPU
		{F1019B69-ADEC-4F14-98A3-82685D50A2F7}.Debug|Any CPU.ActiveCfg = Debug|Any CPU
		{F1019B69-ADEC-4F14-98A3-82685D50A2F7}.Debug|Any CPU.Build.0 = Debug|Any CPU
		{F1019B69-ADEC-4F14-98A3-82685D50A2F7}.Release|Any CPU.ActiveCfg = Release|Any CPU
		{F1019B69-ADEC-4F14-98A3-82685D50A2F7}.Release|Any CPU.Build.0 = Release|Any CPU
		{7F3A9049-6DEB-48A7-A89E-A6147BEB9778}.Debug|Any CPU.ActiveCfg = Debug|Any CPU
		{7F3A9049-6DEB-48A7-A89E-A6147BEB9778}.Debug|Any CPU.Build.0 = Debug|Any CPU
		{7F3A9049-6DEB-48A7-A89E-A6147BEB9778}.Release|Any CPU.ActiveCfg = Release|Any CPU
		{7F3A9049-6DEB-48A7-A89E-A6147BEB9778}.Release|Any CPU.Build.0 = Release|Any CPU
	EndGlobalSection
	GlobalSection(SolutionProperties) = preSolution
		HideSolutionNode = FALSE
	EndGlobalSection
	GlobalSection(NestedProjects) = preSolution
		{475DF85B-06EA-4B43-A1AF-4FA76C74DBC0} = {B9F3999F-C0E3-4657-9205-C245C7DF6C00}
		{F1019B69-ADEC-4F14-98A3-82685D50A2F7} = {3403871B-3F1A-4C55-821B-4B5C1D4C3605}
		{7F3A9049-6DEB-48A7-A89E-A6147BEB9778} = {3722B647-203B-4B6D-9783-6BB4DFAAF47A}
	EndGlobalSection
	GlobalSection(ExtensibilityGlobals) = postSolution
		SolutionGuid = {A98A602B-6FE3-4C11-8770-A65235FAB533}
	EndGlobalSection
EndGlobal
